
Microsoft Visual Studio Solution File, Format Version 12.00
Project("{FAE04EC0-301F-11D3-BF4B-00C04F79EFBC}") = "MaelstormAPI", "MaelstormAPI\MaelstormAPI.csproj", "{BC0D5C9B-0390-4C8C-A1C1-143CD77FD966}"
EndProject
Project("{FAE04EC0-301F-11D3-BF4B-00C04F79EFBC}") = "MaelstormAPIClient", "MaelstormAPIClient\MaelstormAPIClient.csproj", "{17CE084B-1237-467F-9834-F4626584C619}"
EndProject
Project("{FAE04EC0-301F-11D3-BF4B-00C04F79EFBC}") = "MaelstormDTO", "MaelstormDTO\MaelstormDTO.csproj", "{C4047978-684B-4F9E-9899-C642B2872146}"
EndProject
Project("{FAE04EC0-301F-11D3-BF4B-00C04F79EFBC}") = "MaelstormApiTests", "MaelstormApiTests\MaelstormApiTests.csproj", "{CF0AAC9E-A34C-48AB-BF37-006D63576250}"
EndProject
Global
	GlobalSection(SolutionConfigurationPlatforms) = preSolution
		Debug|Any CPU = Debug|Any CPU
		Release|Any CPU = Release|Any CPU
	EndGlobalSection
	GlobalSection(ProjectConfigurationPlatforms) = postSolution
		{BC0D5C9B-0390-4C8C-A1C1-143CD77FD966}.Debug|Any CPU.ActiveCfg = Debug|Any CPU
		{BC0D5C9B-0390-4C8C-A1C1-143CD77FD966}.Debug|Any CPU.Build.0 = Debug|Any CPU
		{BC0D5C9B-0390-4C8C-A1C1-143CD77FD966}.Release|Any CPU.ActiveCfg = Release|Any CPU
		{BC0D5C9B-0390-4C8C-A1C1-143CD77FD966}.Release|Any CPU.Build.0 = Release|Any CPU
		{17CE084B-1237-467F-9834-F4626584C619}.Debug|Any CPU.ActiveCfg = Debug|Any CPU
		{17CE084B-1237-467F-9834-F4626584C619}.Debug|Any CPU.Build.0 = Debug|Any CPU
		{17CE084B-1237-467F-9834-F4626584C619}.Release|Any CPU.ActiveCfg = Release|Any CPU
		{17CE084B-1237-467F-9834-F4626584C619}.Release|Any CPU.Build.0 = Release|Any CPU
		{C4047978-684B-4F9E-9899-C642B2872146}.Debug|Any CPU.ActiveCfg = Debug|Any CPU
		{C4047978-684B-4F9E-9899-C642B2872146}.Debug|Any CPU.Build.0 = Debug|Any CPU
		{C4047978-684B-4F9E-9899-C642B2872146}.Release|Any CPU.ActiveCfg = Release|Any CPU
		{C4047978-684B-4F9E-9899-C642B2872146}.Release|Any CPU.Build.0 = Release|Any CPU
		{CF0AAC9E-A34C-48AB-BF37-006D63576250}.Debug|Any CPU.ActiveCfg = Debug|Any CPU
		{CF0AAC9E-A34C-48AB-BF37-006D63576250}.Debug|Any CPU.Build.0 = Debug|Any CPU
		{CF0AAC9E-A34C-48AB-BF37-006D63576250}.Release|Any CPU.ActiveCfg = Release|Any CPU
		{CF0AAC9E-A34C-48AB-BF37-006D63576250}.Release|Any CPU.Build.0 = Release|Any CPU
	EndGlobalSection
EndGlobal
